
Microsoft Visual Studio Solution File, Format Version 12.00
# Visual Studio 15
VisualStudioVersion = 15.0.26228.12
MinimumVisualStudioVersion = 10.0.40219.1
Project("{8BC9CEB8-8B4A-11D0-8D11-00A0C91BC942}") = "UnitTest1", "UnitTest1\UnitTest1.vcxproj", "{4409F9FE-ADE0-4D46-97E3-ED15B619694A}"
EndProject
Project("{8BC9CEB8-8B4A-11D0-8D11-00A0C91BC942}") = "ConsoleApplication1", "ConsoleApplication1\ConsoleApplication1.vcxproj", "{B80FD383-E473-4756-8815-031663F05F19}"
EndProject
Global
	GlobalSection(SolutionConfigurationPlatforms) = preSolution
		Debug|x64 = Debug|x64
		Debug|x86 = Debug|x86
		Release|x64 = Release|x64
		Release|x86 = Release|x86
	EndGlobalSection
	GlobalSection(ProjectConfigurationPlatforms) = postSolution
		{4409F9FE-ADE0-4D46-97E3-ED15B619694A}.Debug|x64.ActiveCfg = Debug|x64
		{4409F9FE-ADE0-4D46-97E3-ED15B619694A}.Debug|x64.Build.0 = Debug|x64
		{4409F9FE-ADE0-4D46-97E3-ED15B619694A}.Debug|x86.ActiveCfg = Debug|Win32
		{4409F9FE-ADE0-4D46-97E3-ED15B619694A}.Debug|x86.Build.0 = Debug|Win32
		{4409F9FE-ADE0-4D46-97E3-ED15B619694A}.Release|x64.ActiveCfg = Release|x64
		{4409F9FE-ADE0-4D46-97E3-ED15B619694A}.Release|x64.Build.0 = Release|x64
		{4409F9FE-ADE0-4D46-97E3-ED15B619694A}.Release|x86.ActiveCfg = Release|Win32
		{4409F9FE-ADE0-4D46-97E3-ED15B619694A}.Release|x86.Build.0 = Release|Win32
		{B80FD383-E473-4756-8815-031663F05F19}.Debug|x64.ActiveCfg = Debug|x64
		{B80FD383-E473-4756-8815-031663F05F19}.Debug|x64.Build.0 = Debug|x64
		{B80FD383-E473-4756-8815-031663F05F19}.Debug|x86.ActiveCfg = Debug|Win32
		{B80FD383-E473-4756-8815-031663F05F19}.Debug|x86.Build.0 = Debug|Win32
		{B80FD383-E473-4756-8815-031663F05F19}.Release|x64.ActiveCfg = Release|x64
		{B80FD383-E473-4756-8815-031663F05F19}.Release|x64.Build.0 = Release|x64
		{B80FD383-E473-4756-8815-031663F05F19}.Release|x86.ActiveCfg = Release|Win32
		{B80FD383-E473-4756-8815-031663F05F19}.Release|x86.Build.0 = Release|Win32
	EndGlobalSection
	GlobalSection(SolutionProperties) = preSolution
		HideSolutionNode = FALSE
	EndGlobalSection
EndGlobal
